
Microsoft Visual Studio Solution File, Format Version 12.00
# Visual Studio Version 17
VisualStudioVersion = 17.0.32112.339
MinimumVisualStudioVersion = 10.0.40219.1
Project("{8BC9CEB8-8B4A-11D0-8D11-00A0C91BC942}") = "BatteryInfo", "BatteryInfo\BatteryInfo.vcxproj", "{8FC71BC7-A18C-4869-AA5B-900F58CA9B9D}"
EndProject
Global
	GlobalSection(SolutionConfigurationPlatforms) = preSolution
		Debug|x64 = Debug|x64
		Debug|x86 = Debug|x86
		Release|x64 = Release|x64
		Release|x86 = Release|x86
	EndGlobalSection
	GlobalSection(ProjectConfigurationPlatforms) = postSolution
		{8FC71BC7-A18C-4869-AA5B-900F58CA9B9D}.Debug|x64.ActiveCfg = Debug|x64
		{8FC71BC7-A18C-4869-AA5B-900F58CA9B9D}.Debug|x64.Build.0 = Debug|x64
		{8FC71BC7-A18C-4869-AA5B-900F58CA9B9D}.Debug|x86.ActiveCfg = Debug|Win32
		{8FC71BC7-A18C-4869-AA5B-900F58CA9B9D}.Debug|x86.Build.0 = Debug|Win32
		{8FC71BC7-A18C-4869-AA5B-900F58CA9B9D}.Release|x64.ActiveCfg = Release|x64
		{8FC71BC7-A18C-4869-AA5B-900F58CA9B9D}.Release|x64.Build.0 = Release|x64
		{8FC71BC7-A18C-4869-AA5B-900F58CA9B9D}.Release|x86.ActiveCfg = Release|Win32
		{8FC71BC7-A18C-4869-AA5B-900F58CA9B9D}.Release|x86.Build.0 = Release|Win32
	EndGlobalSection
	GlobalSection(SolutionProperties) = preSolution
		HideSolutionNode = FALSE
	EndGlobalSection
	GlobalSection(ExtensibilityGlobals) = postSolution
		SolutionGuid = {061F9402-757E-43FE-A678-B99DE402D3A0}
	EndGlobalSection
EndGlobal
